# This file is automatically @generated by Cargo.
# It is not intended for manual editing.
version = 3

[[package]]
name = "arc-swap"
version = "1.6.0"
source = "registry+https://github.com/rust-lang/crates.io-index"
checksum = "bddcadddf5e9015d310179a59bb28c4d4b9920ad0f11e8e14dbadf654890c9a6"

[[package]]
name = "hashmap"
version = "0.1.0"
dependencies = [
 "someday",
]

[[package]]
name = "someday"
version = "0.0.4"
dependencies = [
 "arc-swap",
]
